<?xml version="1.0" encoding="utf-8"?>
<Project ToolsVersion="4.0" xmlns="http://schemas.microsoft.com/developer/msbuild/2003">
  <ItemGroup>
    <Filter Include="源文件">
      <UniqueIdentifier>{4FC737F1-C7A5-4376-A066-2A32D752A2FF}</UniqueIdentifier>
      <Extensions>cpp;c;cc;cxx;def;odl;idl;hpj;bat;asm;asmx</Extensions>
    </Filter>
    <Filter Include="头文件">
      <UniqueIdentifier>{93995380-89BD-4b04-88EB-625FBE52EBFB}</UniqueIdentifier>
      <Extensions>h;hpp;hxx;hm;inl;inc;xsd</Extensions>
    </Filter>
    <Filter Include="资源文件">
      <UniqueIdentifier>{67DA6AB6-F800-4c08-8B7A-83BB121AAD01}</UniqueIdentifier>
      <Extensions>rc;ico;cur;bmp;dlg;rc2;rct;bin;rgs;gif;jpg;jpeg;jpe;resx;tiff;tif;png;wav;mfcribbon-ms</Extensions>
    </Filter>
  </ItemGroup>
  <ItemGroup>
    <ClInclude Include="loadShader.h">
      <Filter>头文件</Filter>
    </ClInclude>
    <ClInclude Include="RenderObjectBase.h">
      <Filter>头文件</Filter>
    </ClInclude>
    <ClInclude Include="RenderTriangle.h">
      <Filter>头文件</Filter>
    </ClInclude>
    <ClInclude Include="Program.h">
      <Filter>头文件</Filter>
    </ClInclude>
    <ClInclude Include="RenderCone.h">
      <Filter>头文件</Filter>
    </ClInclude>
    <ClInclude Include="RenderBall.h">
      <Filter>头文件</Filter>
    </ClInclude>
    <ClInclude Include="MultiObj.h">
      <Filter>头文件</Filter>
    </ClInclude>
  </ItemGroup>
  <ItemGroup>
    <ClCompile Include="loadShader.cpp">
      <Filter>源文件</Filter>
    </ClCompile>
    <ClCompile Include="main.cpp">
      <Filter>源文件</Filter>
    </ClCompile>
    <ClCompile Include="RenderTriangle.cpp">
      <Filter>源文件</Filter>
    </ClCompile>
    <ClCompile Include="Program.cpp">
      <Filter>源文件</Filter>
    </ClCompile>
    <ClCompile Include="RenderCone.cpp">
      <Filter>源文件</Filter>
    </ClCompile>
    <ClCompile Include="RenderBall.cpp">
      <Filter>源文件</Filter>
    </ClCompile>
    <ClCompile Include="MultiObj.cpp">
      <Filter>源文件</Filter>
    </ClCompile>
  </ItemGroup>
  <ItemGroup>
    <None Include="triangle.vert">
      <Filter>资源文件</Filter>
    </None>
    <None Include="cone.vert">
      <Filter>资源文件</Filter>
    </None>
    <None Include="ball.vert">
      <Filter>资源文件</Filter>
    </None>
    <None Include="ball.frag">
      <Filter>资源文件</Filter>
    </None>
    <None Include="triangle.frag">
      <Filter>资源文件</Filter>
    </None>
  </ItemGroup>
</Project>